Microsoft Visual Studio Solution File, Format Version 12.00
# Visual Studio Version 17
VisualStudioVersion = 17.5.2.0
MinimumVisualStudioVersion = 10.0.40219.1
Project("{FAE04EC0-301F-11D3-BF4B-00C04F79EFBC}") = "ClassManagement", "ClassManagement.csproj", "{7C98299A-2E07-1F2B-5158-574C202CA28D}"
EndProject
Global
	GlobalSection(SolutionConfigurationPlatforms) = preSolution
		Debug|Any CPU = Debug|Any CPU
		Release|Any CPU = Release|Any CPU
	EndGlobalSection
	GlobalSection(ProjectConfigurationPlatforms) = postSolution
		{7C98299A-2E07-1F2B-5158-574C202CA28D}.Debug|Any CPU.ActiveCfg = Debug|Any CPU
		{7C98299A-2E07-1F2B-5158-574C202CA28D}.Debug|Any CPU.Build.0 = Debug|Any CPU
		{7C98299A-2E07-1F2B-5158-574C202CA28D}.Release|Any CPU.ActiveCfg = Release|Any CPU
		{7C98299A-2E07-1F2B-5158-574C202CA28D}.Release|Any CPU.Build.0 = Release|Any CPU
	EndGlobalSection
	GlobalSection(SolutionProperties) = preSolution
		HideSolutionNode = FALSE
	EndGlobalSection
	GlobalSection(ExtensibilityGlobals) = postSolution
		SolutionGuid = {FD70994D-6486-485C-A9B5-EF28FAB1B57B}
	EndGlobalSection
EndGlobal
